
Microsoft Visual Studio Solution File, Format Version 12.00
# Visual Studio Version 17
VisualStudioVersion = 17.5.002.0
MinimumVisualStudioVersion = 10.0.40219.1
Project("{9A19103F-16F7-4668-BE54-9A1E7A4F7556}") = "Backend", "Backend\Backend.csproj", "{7E95F2EF-1653-4995-AB7E-F6AA50629651}"
EndProject
Global
	GlobalSection(SolutionConfigurationPlatforms) = preSolution
		Debug|Any CPU = Debug|Any CPU
		Release|Any CPU = Release|Any CPU
	EndGlobalSection
	GlobalSection(ProjectConfigurationPlatforms) = postSolution
		{7E95F2EF-1653-4995-AB7E-F6AA50629651}.Debug|Any CPU.ActiveCfg = Debug|Any CPU
		{7E95F2EF-1653-4995-AB7E-F6AA50629651}.Debug|Any CPU.Build.0 = Debug|Any CPU
		{7E95F2EF-1653-4995-AB7E-F6AA50629651}.Release|Any CPU.ActiveCfg = Release|Any CPU
		{7E95F2EF-1653-4995-AB7E-F6AA50629651}.Release|Any CPU.Build.0 = Release|Any CPU
	EndGlobalSection
	GlobalSection(SolutionProperties) = preSolution
		HideSolutionNode = FALSE
	EndGlobalSection
	GlobalSection(ExtensibilityGlobals) = postSolution
		SolutionGuid = {6C274F54-B823-4F30-852E-A4E113D295E7}
	EndGlobalSection
EndGlobal
